{
  "version": 4,
  "terraform_version": "1.10.5",
  "serial": 43,
  "lineage": "c2565374-746e-f9a8-10ad-9f2e34227065",
  "outputs": {},
  "resources": [
    {
      "mode": "data",
      "type": "aws_eks_cluster",
      "name": "demo",
      "provider": "provider[\"registry.terraform.io/hashicorp/aws\"]",
      "instances": [
        {
          "schema_version": 0,
          "attributes": {
            "arn": "arn:aws:eks:ap-south-1:195275660386:cluster/demo",
            "certificate_authority": [
              {
                "data": "LS0tLS1CRUdJTiBDRVJUSUZJQ0FURS0tLS0tCk1JSURCVENDQWUyZ0F3SUJBZ0lJVmVFT2tvWWNwYWN3RFFZSktvWklodmNOQVFFTEJRQXdGVEVUTUJFR0ExVUUKQXhNS2EzVmlaWEp1WlhSbGN6QWVGdzB5TlRBeU1UTXdNelU1TVRWYUZ3MHpOVEF5TVRFd05EQTBNVFZhTUJVeApFekFSQmdOVkJBTVRDbXQxWW1WeWJtVjBaWE13Z2dFaU1BMEdDU3FHU0liM0RRRUJBUVVBQTRJQkR3QXdnZ0VLCkFvSUJBUURHSThDVWNsMFB3ZFkvR0lrMzAzdWZzYkZvQkJGSHlxcDJ6ekxhQ2tCNlBlZ1djNC80eng1cnViUHoKNEJwV3pUYkVPbXNTTC9hTmhHY010aXREdDU5Nko2bkg3REN3c2tERUd4YTNNVTNqWTg3NVZJVklqWklSSXVkUQpVdjBBeDJlZmthb3A3WDNnSkJDZG0rTTU1ZnZ3WjdocTltcTg0SGhDR2lWZk5rMDhyUFUzOVplYUJQWC9QZFVKCjZGUTRIWDRBNStNVWp6UFNER3ZmajVITXlVVHVXR1FoSzhZMGlyazI3MjcvYXBEditSd2I5SnV0ZmNFOFluL0YKbHJyY3VMMVNNT3NiYXUya2gxeWhYMDJQM1lDUy9ZK0k5S3BmUEFYODBkL2RvbXN3eHhJVklwdDJoOWhyVy8rYwprNlRzYnhuN2Nxb2ZRVGxzU0pzd0tZUlZUL3RCQWdNQkFBR2pXVEJYTUE0R0ExVWREd0VCL3dRRUF3SUNwREFQCkJnTlZIUk1CQWY4RUJUQURBUUgvTUIwR0ExVWREZ1FXQkJTNlFwVk1UZlBlWXBKd1BsNERNckdwb1Z6ZVdqQVYKQmdOVkhSRUVEakFNZ2dwcmRXSmxjbTVsZEdWek1BMEdDU3FHU0liM0RRRUJDd1VBQTRJQkFRQ2c1THBQTUkyMApUWURoSFk3ak02SEI2NjJkTUsvbDFRVDlWSkxxQi9OdGZkK0JQWFZSaDUvdnNvM2lBdExnMHUvUXQzMWgxWENoCm9BSDRWL3JGZzIzejE5Y2xUZkxPMkVITm84S1B2NWNYNW5MeGo5dDNrYmlkS3J5WkR5Z25KZW1ydi9WQVdha1MKSmJ4UjFFMU1QRW04Zmp2QjIyZnBoYndTbkNLdjF3UERBblNGZkJqWG9DSUJrd3JXeE1CY25QUmNSYU5CT0NRNApDbmZrcVJrbzhDNTZoL3E3S3R1OHZVMkJScGFUWnR1eTFZOUloRGFPSmZkdEUxYVEvMFp1NDFtdVhFMHFEbmNqClBoOFd5eGdhMllZcW0yQ1dDZDNpN3g2TjVCZzg3RFp2a251T2Q2ZFpwbWNSSXNqT3J4RllscERJZnZpYUVXNlYKVzdtQU5KZytBM3g2Ci0tLS0tRU5EIENFUlRJRklDQVRFLS0tLS0K"
              }
            ],
            "cluster_id": null,
            "created_at": "2025-02-13 03:59:26.9 +0000 UTC",
            "enabled_cluster_log_types": [],
            "endpoint": "https://00FC13AC9676D0C4F54E8177AFA5B70B.gr7.ap-south-1.eks.amazonaws.com",
            "id": "demo",
            "identity": [
              {
                "oidc": [
                  {
                    "issuer": "https://oidc.eks.ap-south-1.amazonaws.com/id/00FC13AC9676D0C4F54E8177AFA5B70B"
                  }
                ]
              }
            ],
            "kubernetes_network_config": [
              {
                "ip_family": "ipv4",
                "service_ipv4_cidr": "10.100.0.0/16",
                "service_ipv6_cidr": ""
              }
            ],
            "name": "demo",
            "outpost_config": [],
            "platform_version": "eks.19",
            "role_arn": "arn:aws:iam::195275660386:role/eks-cluster-demo",
            "status": "ACTIVE",
            "tags": {},
            "version": "1.31",
            "vpc_config": [
              {
                "cluster_security_group_id": "sg-0eccd8ae69ba2f010",
                "endpoint_private_access": false,
                "endpoint_public_access": true,
                "public_access_cidrs": [
                  "0.0.0.0/0"
                ],
                "security_group_ids": [],
                "subnet_ids": [
                  "subnet-07207ccf2c8b928a9",
                  "subnet-0e930c30333242ecd",
                  "subnet-0f4d6493a02a682fd"
                ],
                "vpc_id": "vpc-0f52c16bc75714940"
              }
            ]
          },
          "sensitive_attributes": []
        }
      ]
    },
    {
      "mode": "data",
      "type": "aws_eks_cluster_auth",
      "name": "demo",
      "provider": "provider[\"registry.terraform.io/hashicorp/aws\"]",
      "instances": [
        {
          "schema_version": 0,
          "attributes": {
            "id": "demo",
            "name": "demo",
            "token": "k8s-aws-v1.aHR0cHM6Ly9zdHMuYW1hem9uYXdzLmNvbS8_QWN0aW9uPUdldENhbGxlcklkZW50aXR5JlZlcnNpb249MjAxMS0wNi0xNSZYLUFtei1BbGdvcml0aG09QVdTNC1ITUFDLVNIQTI1NiZYLUFtei1DcmVkZW50aWFsPUFLSUFTMjUyV0RSUkpYUzRNSFBOJTJGMjAyNTAyMTMlMkZ1cy1lYXN0LTElMkZzdHMlMkZhd3M0X3JlcXVlc3QmWC1BbXotRGF0ZT0yMDI1MDIxM1QwNzEzNDhaJlgtQW16LUV4cGlyZXM9MCZYLUFtei1TaWduZWRIZWFkZXJzPWhvc3QlM0J4LWs4cy1hd3MtaWQmWC1BbXotU2lnbmF0dXJlPWMwMjk4YzM0NjU0MTcyODAwYTQ0ZGJjZTBkZjA5YWQxN2JkYTNmNTQ4MDliYzBkMDJlNTA2ZjkyOTkxMjE1ODU"
          },
          "sensitive_attributes": [
            [
              {
                "type": "get_attr",
                "value": "token"
              }
            ]
          ]
        }
      ]
    },
    {
      "mode": "data",
      "type": "aws_iam_openid_connect_provider",
      "name": "demo",
      "provider": "provider[\"registry.terraform.io/hashicorp/aws\"]",
      "instances": [
        {
          "schema_version": 0,
          "attributes": {
            "arn": "arn:aws:iam::195275660386:oidc-provider/oidc.eks.ap-south-1.amazonaws.com/id/00FC13AC9676D0C4F54E8177AFA5B70B",
            "client_id_list": [
              "sts.amazonaws.com"
            ],
            "id": "arn:aws:iam::195275660386:oidc-provider/oidc.eks.ap-south-1.amazonaws.com/id/00FC13AC9676D0C4F54E8177AFA5B70B",
            "tags": {},
            "thumbprint_list": [
              "9e99a48a9960b14926bb7f3b02e22da2b0ab7280"
            ],
            "url": "oidc.eks.ap-south-1.amazonaws.com/id/00FC13AC9676D0C4F54E8177AFA5B70B"
          },
          "sensitive_attributes": []
        }
      ]
    },
    {
      "mode": "data",
      "type": "tls_certificate",
      "name": "demo",
      "provider": "provider[\"registry.terraform.io/hashicorp/tls\"]",
      "instances": [
        {
          "schema_version": 0,
          "attributes": {
            "certificates": [
              {
                "cert_pem": "-----BEGIN CERTIFICATE-----\nMIIEdTCCA12gAwIBAgIJAKcOSkw0grd/MA0GCSqGSIb3DQEBCwUAMGgxCzAJBgNV\nBAYTAlVTMSUwIwYDVQQKExxTdGFyZmllbGQgVGVjaG5vbG9naWVzLCBJbmMuMTIw\nMAYDVQQLEylTdGFyZmllbGQgQ2xhc3MgMiBDZXJ0aWZpY2F0aW9uIEF1dGhvcml0\neTAeFw0wOTA5MDIwMDAwMDBaFw0zNDA2MjgxNzM5MTZaMIGYMQswCQYDVQQGEwJV\nUzEQMA4GA1UECBMHQXJpem9uYTETMBEGA1UEBxMKU2NvdHRzZGFsZTElMCMGA1UE\nChMcU3RhcmZpZWxkIFRlY2hub2xvZ2llcywgSW5jLjE7MDkGA1UEAxMyU3RhcmZp\nZWxkIFNlcnZpY2VzIFJvb3QgQ2VydGlmaWNhdGUgQXV0aG9yaXR5IC0gRzIwggEi\nMA0GCSqGSIb3DQEBAQUAA4IBDwAwggEKAoIBAQDVDDrEKvlO4vW+GZdfjohTsR8/\ny8+fIBNtKTrID30892t2OGPZNmCom15cAICyL1l/9of5JUOG52kbUpqQ4XHj2C0N\nTm/2yEnZtvMaVq4rtnQU68/7JuMauh2WLmo7WJSJR1b/JaCTcFOD2oR0FMNnngRo\nOt+OQFodSk7PQ5E751bWAHDLUu57fa4657wx+UX2wmDPE1kCK4DMNEffud6QZW0C\nzyyRpqbn3oUYSXxmTqM6bam17jQuug0DuDPfR+uxa40l2ZvOgdFFRjKWcIfeAg5J\nQ4W2bHO7ZOphQazJ1FTfhy/HIrImzJ9ZVGif/L4qL8RVHHVAYBeFAlU5i38FAgMB\nAAGjgfAwge0wDwYDVR0TAQH/BAUwAwEB/zAOBgNVHQ8BAf8EBAMCAYYwHQYDVR0O\nBBYEFJxfAN+qAdcwKziIorhtSpzyEZGDMB8GA1UdIwQYMBaAFL9ft9HO3R+G9FtV\nrNzXEMIOqYjnME8GCCsGAQUFBwEBBEMwQTAcBggrBgEFBQcwAYYQaHR0cDovL28u\nc3MyLnVzLzAhBggrBgEFBQcwAoYVaHR0cDovL3guc3MyLnVzL3guY2VyMCYGA1Ud\nHwQfMB0wG6AZoBeGFWh0dHA6Ly9zLnNzMi51cy9yLmNybDARBgNVHSAECjAIMAYG\nBFUdIAAwDQYJKoZIhvcNAQELBQADggEBACMd44pXyn3pF3lM8R5V/cxTbj5HD9/G\nVfKyBDbtgB9TxF00KGu+x1X8Z+rLP3+QsjPNG1gQggL4+C/1E2DUBc7xgQjB3ad1\nl08YuW3e95ORCLp+QCztweq7dp4zBncdDQh/U90bZKuCJ/Fp1U1ervShw3WnWEQt\n8jxwmKy6abaVd38PMV4s/KCHOkdp8Hlf9BRUpJVeEXgSYCfOn8J3/yNTd126/+pZ\n59vPr5KW7ySaNRB6nJHGDn2Z9j8Z3/VyVOEVqQdZe4O/Ui5GjLIAZHYcSNPYeehu\nVsyuLAOQ1xk4meTKCRlb/weWsKh/NEnfVqn3sF/tM+2MR7cwA130A4w=\n-----END CERTIFICATE-----\n",
                "is_ca": true,
                "issuer": "OU=Starfield Class 2 Certification Authority,O=Starfield Technologies\\, Inc.,C=US",
                "not_after": "2034-06-28T17:39:16Z",
                "not_before": "2009-09-02T00:00:00Z",
                "public_key_algorithm": "RSA",
                "serial_number": "12037640545166866303",
                "sha1_fingerprint": "9e99a48a9960b14926bb7f3b02e22da2b0ab7280",
                "signature_algorithm": "SHA256-RSA",
                "subject": "CN=Starfield Services Root Certificate Authority - G2,O=Starfield Technologies\\, Inc.,L=Scottsdale,ST=Arizona,C=US",
                "version": 3
              },
              {
                "cert_pem": "-----BEGIN CERTIFICATE-----\nMIIEkjCCA3qgAwIBAgITBn+USionzfP6wq4rAfkI7rnExjANBgkqhkiG9w0BAQsF\nADCBmDELMAkGA1UEBhMCVVMxEDAOBgNVBAgTB0FyaXpvbmExEzARBgNVBAcTClNj\nb3R0c2RhbGUxJTAjBgNVBAoTHFN0YXJmaWVsZCBUZWNobm9sb2dpZXMsIEluYy4x\nOzA5BgNVBAMTMlN0YXJmaWVsZCBTZXJ2aWNlcyBSb290IENlcnRpZmljYXRlIEF1\ndGhvcml0eSAtIEcyMB4XDTE1MDUyNTEyMDAwMFoXDTM3MTIzMTAxMDAwMFowOTEL\nMAkGA1UEBhMCVVMxDzANBgNVBAoTBkFtYXpvbjEZMBcGA1UEAxMQQW1hem9uIFJv\nb3QgQ0EgMTCCASIwDQYJKoZIhvcNAQEBBQADggEPADCCAQoCggEBALJ4gHHKeNXj\nca9HgFB0fW7Y14h29Jlo91ghYPl0hAEvrAIthtOgQ3pOsqTQNroBvo3bSMgHFzZM\n9O6II8c+6zf1tRn4SWiw3te5djgdYZ6k/oI2peVKVuRF4fn9tBb6dNqcmzU5L/qw\nIFAGbHrQgLKm+a/sRxmPUDgH3KKHOVj4utWp+UhnMJbulHheb4mjUcAwhmahRWa6\nVOujw5H5SNz/0egwLX0tdHA114gk957EWW67c4cX8jJGKLhD+rcdqsq08p8kDi1L\n93FcXmn/6pUCyziKrlA4b9v7LWIbxcceVOF34GfID5yHI9Y/QCB/IIDEgEw+OyQm\njgSubJrIqg0CAwEAAaOCATEwggEtMA8GA1UdEwEB/wQFMAMBAf8wDgYDVR0PAQH/\nBAQDAgGGMB0GA1UdDgQWBBSEGMyFNOy8DJSULghZnMeyEE4KCDAfBgNVHSMEGDAW\ngBScXwDfqgHXMCs4iKK4bUqc8hGRgzB4BggrBgEFBQcBAQRsMGowLgYIKwYBBQUH\nMAGGImh0dHA6Ly9vY3NwLnJvb3RnMi5hbWF6b250cnVzdC5jb20wOAYIKwYBBQUH\nMAKGLGh0dHA6Ly9jcnQucm9vdGcyLmFtYXpvbnRydXN0LmNvbS9yb290ZzIuY2Vy\nMD0GA1UdHwQ2MDQwMqAwoC6GLGh0dHA6Ly9jcmwucm9vdGcyLmFtYXpvbnRydXN0\nLmNvbS9yb290ZzIuY3JsMBEGA1UdIAQKMAgwBgYEVR0gADANBgkqhkiG9w0BAQsF\nAAOCAQEAYjdCXLwQtT6LLOkMm2xF4gcAevnFWAu5CIw+7bMlPLVvUOTNNWqnkzSW\nMiGpSESrnO09tKpzbeR/FoCJbM8oAxiDR3mjEH4wW6w7sGDgd9QIpuEdfF7Au/ma\neyKdpwAJfqxGF4PcnCZXmTA5YpaP7dreqsXMGz7KQ2hsVxa81Q4gLv7/wmpdLqBK\nbRRYh5TmOTFffHPLkIhqhBGWJ6bt2YFGpn6jcgAKUj6DiAdjd4lpFw85hdKrCEVN\n0FE6/V1dN2RMfjCyVSRCnTawXZwXgWHxyvkQAiSr6w10kY17RSlQOYiypok1JR4U\nakcjMS9cmvqtmg5iUaQqqcT5NJ0hGA==\n-----END CERTIFICATE-----\n",
                "is_ca": true,
                "issuer": "CN=Starfield Services Root Certificate Authority - G2,O=Starfield Technologies\\, Inc.,L=Scottsdale,ST=Arizona,C=US",
                "not_after": "2037-12-31T01:00:00Z",
                "not_before": "2015-05-25T12:00:00Z",
                "public_key_algorithm": "RSA",
                "serial_number": "144918191876577076464031512351042010504348870",
                "sha1_fingerprint": "06b25927c42a721631c1efd9431e648fa62e1e39",
                "signature_algorithm": "SHA256-RSA",
                "subject": "CN=Amazon Root CA 1,O=Amazon,C=US",
                "version": 3
              },
              {
                "cert_pem": "-----BEGIN CERTIFICATE-----\nMIIEXjCCA0agAwIBAgITB3MSTNQG0mfAmRzdKZqfODF5hTANBgkqhkiG9w0BAQsF\nADA5MQswCQYDVQQGEwJVUzEPMA0GA1UEChMGQW1hem9uMRkwFwYDVQQDExBBbWF6\nb24gUm9vdCBDQSAxMB4XDTIyMDgyMzIyMjYwNFoXDTMwMDgyMzIyMjYwNFowPDEL\nMAkGA1UEBhMCVVMxDzANBgNVBAoTBkFtYXpvbjEcMBoGA1UEAxMTQW1hem9uIFJT\nQSAyMDQ4IE0wMzCCASIwDQYJKoZIhvcNAQEBBQADggEPADCCAQoCggEBALd/pVko\n8vuM475Tf45HV3BbCl/B9Jy89G1CRkFjcPY06WA9lS+7dWbUA7GtWUKoksr69hKM\nwcMsNpxlw7b3jeXFgxB09/nmalcAWtnLzF+LaDKEA5DQmvKzuh1nfIfqEiKCQSmX\nXh09Xs+dO7cm5qbaL2hhNJCSAejciwcvOFgFNgEMR42wm6KIFHsQW28jhA+1u/M0\np6fVwReuEgZfLfdx82Px0LJck3lST3EB/JfbdsdOzzzg5YkY1dfuqf8y5fUeZ7Cz\nWXbTjujwX/TovmeWKA36VLCz75azW6tDNuDn66FOpADZZ9omVaF6BqNJiLMVl6P3\n/c0OiUMC6Z5OfKcCAwEAAaOCAVowggFWMBIGA1UdEwEB/wQIMAYBAf8CAQAwDgYD\nVR0PAQH/BAQDAgGGMB0GA1UdJQQWMBQGCCsGAQUFBwMBBggrBgEFBQcDAjAdBgNV\nHQ4EFgQUVdkYX9IczAHhWLS+q9lVQgHXLgIwHwYDVR0jBBgwFoAUhBjMhTTsvAyU\nlC4IWZzHshBOCggwewYIKwYBBQUHAQEEbzBtMC8GCCsGAQUFBzABhiNodHRwOi8v\nb2NzcC5yb290Y2ExLmFtYXpvbnRydXN0LmNvbTA6BggrBgEFBQcwAoYuaHR0cDov\nL2NydC5yb290Y2ExLmFtYXpvbnRydXN0LmNvbS9yb290Y2ExLmNlcjA/BgNVHR8E\nODA2MDSgMqAwhi5odHRwOi8vY3JsLnJvb3RjYTEuYW1hem9udHJ1c3QuY29tL3Jv\nb3RjYTEuY3JsMBMGA1UdIAQMMAowCAYGZ4EMAQIBMA0GCSqGSIb3DQEBCwUAA4IB\nAQAGjeWm2cC+3z2MzSCnte46/7JZvj3iQZDY7EvODNdZF41n71Lrk9kbfNwerK0d\nVNzW36Wefr7j7ZSwBVg50W5ay65jNSN74TTQV1yt4WnSbVvN6KlMs1hiyOZdoHKs\nKDV2UGNxbdoBYCQNa2GYF8FQIWLugNp35aSOpMy6cFlymFQomIrnOQHwK1nvVY4q\nxDSJMU/gNJz17D8ArPN3ngnyZ2TwepJ0uBINz3G5te2rdFUF4i4Y3Bb7FUlHDYm4\nu8aIRGpk2ZpfXmxaoxnbIBZRvGLPSUuPwnwoUOMsJ8jirI5vs2dvchPb7MtI1rle\ni02f2ivH2vxkjDLltSpe2fiC\n-----END CERTIFICATE-----\n",
                "is_ca": true,
                "issuer": "CN=Amazon Root CA 1,O=Amazon,C=US",
                "not_after": "2030-08-23T22:26:04Z",
                "not_before": "2022-08-23T22:26:04Z",
                "public_key_algorithm": "RSA",
                "serial_number": "166129356476704345391986644047206454194698629",
                "sha1_fingerprint": "d9fe0a65fa00cabf61f5120d373a8135e1461f15",
                "signature_algorithm": "SHA256-RSA",
                "subject": "CN=Amazon RSA 2048 M03,O=Amazon,C=US",
                "version": 3
              },
              {
                "cert_pem": "-----BEGIN CERTIFICATE-----\nMIIF5jCCBM6gAwIBAgIQAXLcQBe7tPBc6GuB+yBBqzANBgkqhkiG9w0BAQsFADA8\nMQswCQYDVQQGEwJVUzEPMA0GA1UEChMGQW1hem9uMRwwGgYDVQQDExNBbWF6b24g\nUlNBIDIwNDggTTAzMB4XDTI0MDMyNzAwMDAwMFoXDTI1MDQyNTIzNTk1OVowKTEn\nMCUGA1UEAwweKi5la3MuYXAtc291dGgtMS5hbWF6b25hd3MuY29tMIIBIjANBgkq\nhkiG9w0BAQEFAAOCAQ8AMIIBCgKCAQEAtGQywB9i0CSmjSAwUSmErAt9ATOS/ne5\nFFsUrjS4vuBLXT3S/X97lDKm2spvdAJsXMDyWq5R60Va0X/Zr4td/oSl3cNy2CFp\nDQw2kG0RMugBMNVaR/2B6RH+kIErxlYyBNMuBA62SEqk5kGemmXBTznU5NsynXss\nN1Lmdbi92EszLsGw2HLlEwZt0DwcRRkrg0ZMo+cQhx1C4b/YFXCAaPLe9gEQDSYA\n3lgTRhUfQS7xWh4LaSxU7PG8C+/cXJ8BYdWOF6TsdBKDXhTccvd7QReSpF5tDiCF\nT6B8L4y5wKX2VMKqENSrwn3hAporXi6J4laE6Tx1Y/A2DN87FHukNwIDAQABo4IC\n9TCCAvEwHwYDVR0jBBgwFoAUVdkYX9IczAHhWLS+q9lVQgHXLgIwHQYDVR0OBBYE\nFCA2a4roh/mOKjmoAhAJrTURFH2HMCkGA1UdEQQiMCCCHiouZWtzLmFwLXNvdXRo\nLTEuYW1hem9uYXdzLmNvbTATBgNVHSAEDDAKMAgGBmeBDAECATAOBgNVHQ8BAf8E\nBAMCBaAwHQYDVR0lBBYwFAYIKwYBBQUHAwEGCCsGAQUFBwMCMDsGA1UdHwQ0MDIw\nMKAuoCyGKmh0dHA6Ly9jcmwucjJtMDMuYW1hem9udHJ1c3QuY29tL3IybTAzLmNy\nbDB1BggrBgEFBQcBAQRpMGcwLQYIKwYBBQUHMAGGIWh0dHA6Ly9vY3NwLnIybTAz\nLmFtYXpvbnRydXN0LmNvbTA2BggrBgEFBQcwAoYqaHR0cDovL2NydC5yMm0wMy5h\nbWF6b250cnVzdC5jb20vcjJtMDMuY2VyMAwGA1UdEwEB/wQCMAAwggF8BgorBgEE\nAdZ5AgQCBIIBbASCAWgBZgB2AM8RVu7VLnyv84db2Wkum+kacWdKsBfsrAHSW3fO\nzDsIAAABjoEqaRgAAAQDAEcwRQIgafsuKU5xj/dXLQ3SPdWzndJwLyEfm+JryIYe\nPWZJKLMCIQCNfmISGAa5KgyKPZ8xG6e3jLbHiwMd3UfNw2/f0fA+agB1AH1ZHhLh\neCp7HGFnfF79+NCHXBSgTpWeuQMv2Q6MLnm4AAABjoEqaHUAAAQDAEYwRAIgAgNI\nq6UYuEQejzm3s9LMJm4+ntuC4SHzW+cXtbBGJ/MCIC14jKeXKIEc1xRsYA3az65F\niAXRScw6ZRufvETqJO1/AHUA5tIxY0B3jMEQQQbXcbnOwdJA9paEhvu6hzId/R43\njlAAAAGOgSpoiQAABAMARjBEAiANbZ6RIkz/AOtZdJnPuPMlA0zjJIB2UxkJkN69\ntCtQEQIgRHt4maRYhich1qGcBcGDgL2QeUehPp6yWnpgPItV33IwDQYJKoZIhvcN\nAQELBQADggEBAFHCpoKhkGL7unnDkg6JykJauAU+DW1sN/8xuwfAiBzL07ZOb3ao\nc34h51Wr+LIsBiXq9kEy0iduzS8F72SbfDXrz0dpESoe6faNZ9UEfNvqkLRmHDcU\nea3M+4v+tacD/uqEvtJI0aEcLP1yKencXCwBOqy8O7lLEJUhYc8yVAJChmoJAowy\nOwS9PjMdXb2UAMl4aJt7oF+nvzdjBtQ7uNctV2rsMZ1HZQSdgMMhqJNWXufVPmRm\nuPnGTtYK8Y0MsCJqEvmi9jE8m30oRhugZ/9ckJo7CnO43VJcE4IT+/AObav3iNfU\nlS1MThMhwV4UxcawWxE68Y3QZhhym4+HwQw=\n-----END CERTIFICATE-----\n",
                "is_ca": false,
                "issuer": "CN=Amazon RSA 2048 M03,O=Amazon,C=US",
                "not_after": "2025-04-25T23:59:59Z",
                "not_before": "2024-03-27T00:00:00Z",
                "public_key_algorithm": "RSA",
                "serial_number": "1925617045718169317006243538772443563",
                "sha1_fingerprint": "66c52a14da1484b5a2aec2e90e2ee44fb3030459",
                "signature_algorithm": "SHA256-RSA",
                "subject": "CN=*.eks.ap-south-1.amazonaws.com",
                "version": 3
              }
            ],
            "content": null,
            "id": "8620fd676f1f5fb482fb77207743ac75042750fa",
            "url": "https://oidc.eks.ap-south-1.amazonaws.com/id/00FC13AC9676D0C4F54E8177AFA5B70B",
            "verify_chain": true
          },
          "sensitive_attributes": []
        }
      ]
    },
    {
      "mode": "managed",
      "type": "aws_iam_instance_profile",
      "name": "karpenter_instance_profile",
      "provider": "provider[\"registry.terraform.io/hashicorp/aws\"]",
      "instances": [
        {
          "schema_version": 0,
          "attributes": {
            "arn": "arn:aws:iam::195275660386:instance-profile/KarpenterInstanceProfile-demo",
            "create_date": "2025-02-13T07:14:24Z",
            "id": "KarpenterInstanceProfile-demo",
            "name": "KarpenterInstanceProfile-demo",
            "name_prefix": "",
            "path": "/",
            "role": "KarpenterRole-demo",
            "tags": null,
            "tags_all": {},
            "unique_id": "AIPAS252WDRRJJORQG52B"
          },
          "sensitive_attributes": [],
          "private": "bnVsbA==",
          "dependencies": [
            "aws_iam_role.karpenter_role",
            "data.aws_eks_cluster.demo",
            "data.aws_iam_openid_connect_provider.demo",
            "module.eks.aws_eks_cluster.demo",
            "module.eks.aws_iam_role.demo",
            "module.eks.aws_iam_role_policy_attachment.eks_block_storage_policy",
            "module.eks.aws_iam_role_policy_attachment.eks_cluster_policy",
            "module.eks.aws_iam_role_policy_attachment.eks_compute_policy",
            "module.eks.aws_iam_role_policy_attachment.eks_load_balancing_policy",
            "module.eks.aws_iam_role_policy_attachment.eks_networking_policy"
          ]
        }
      ]
    },
    {
      "mode": "managed",
      "type": "aws_iam_openid_connect_provider",
      "name": "demo",
      "provider": "provider[\"registry.terraform.io/hashicorp/aws\"]",
      "instances": [
        {
          "schema_version": 0,
          "attributes": {
            "arn": "arn:aws:iam::195275660386:oidc-provider/oidc.eks.ap-south-1.amazonaws.com/id/00FC13AC9676D0C4F54E8177AFA5B70B",
            "client_id_list": [
              "sts.amazonaws.com"
            ],
            "id": "arn:aws:iam::195275660386:oidc-provider/oidc.eks.ap-south-1.amazonaws.com/id/00FC13AC9676D0C4F54E8177AFA5B70B",
            "tags": {},
            "tags_all": {},
            "thumbprint_list": [
              "9e99a48a9960b14926bb7f3b02e22da2b0ab7280"
            ],
            "url": "oidc.eks.ap-south-1.amazonaws.com/id/00FC13AC9676D0C4F54E8177AFA5B70B"
          },
          "sensitive_attributes": [],
          "private": "bnVsbA==",
          "dependencies": [
            "data.aws_eks_cluster.demo",
            "data.tls_certificate.demo",
            "module.eks.aws_eks_cluster.demo",
            "module.eks.aws_iam_role.demo",
            "module.eks.aws_iam_role_policy_attachment.eks_block_storage_policy",
            "module.eks.aws_iam_role_policy_attachment.eks_cluster_policy",
            "module.eks.aws_iam_role_policy_attachment.eks_compute_policy",
            "module.eks.aws_iam_role_policy_attachment.eks_load_balancing_policy",
            "module.eks.aws_iam_role_policy_attachment.eks_networking_policy"
          ]
        }
      ]
    },
    {
      "mode": "managed",
      "type": "aws_iam_role",
      "name": "karpenter_role",
      "provider": "provider[\"registry.terraform.io/hashicorp/aws\"]",
      "instances": [
        {
          "schema_version": 0,
          "attributes": {
            "arn": "arn:aws:iam::195275660386:role/KarpenterRole-demo",
            "assume_role_policy": "{\"Statement\":[{\"Action\":\"sts:AssumeRole\",\"Effect\":\"Allow\",\"Principal\":{\"Service\":\"ec2.amazonaws.com\"}},{\"Action\":\"sts:AssumeRoleWithWebIdentity\",\"Condition\":{\"StringEquals\":{\"oidc.eks.ap-south-1.amazonaws.com/id/00FC13AC9676D0C4F54E8177AFA5B70B:sub\":\"system:serviceaccount:karpenter:karpenter\"}},\"Effect\":\"Allow\",\"Principal\":{\"Federated\":\"arn:aws:iam::195275660386:oidc-provider/oidc.eks.ap-south-1.amazonaws.com/id/00FC13AC9676D0C4F54E8177AFA5B70B\"}}],\"Version\":\"2012-10-17\"}",
            "create_date": "2025-02-13T04:08:56Z",
            "description": "",
            "force_detach_policies": false,
            "id": "KarpenterRole-demo",
            "inline_policy": [
              {
                "name": "KarpenterFullAccessPolicy",
                "policy": "{\"Version\":\"2012-10-17\",\"Statement\":[{\"Action\":[\"ec2:DescribeInstances\",\"ec2:DescribeInstanceTypes\",\"ec2:DescribeSubnets\",\"ec2:DescribeAvailabilityZones\",\"ec2:DescribeSecurityGroups\",\"ec2:DescribeLaunchTemplates\",\"ec2:RunInstances\",\"ec2:TerminateInstances\",\"ec2:CreateLaunchTemplate\",\"ec2:CreateFleet\",\"ec2:DeleteLaunchTemplate\",\"ec2:CreateTags\",\"iam:PassRole\"],\"Effect\":\"Allow\",\"Resource\":\"*\"},{\"Action\":[\"eks:DescribeCluster\"],\"Effect\":\"Allow\",\"Resource\":\"*\"},{\"Action\":[\"ecr:GetAuthorizationToken\",\"ecr:BatchCheckLayerAvailability\",\"ecr:GetDownloadUrlForLayer\",\"ecr:BatchGetImage\"],\"Effect\":\"Allow\",\"Resource\":\"*\"},{\"Action\":[\"pricing:GetProducts\"],\"Effect\":\"Allow\",\"Resource\":\"*\"},{\"Action\":[\"ssm:GetParameter\"],\"Effect\":\"Allow\",\"Resource\":\"*\"},{\"Action\":\"ec2:*\",\"Effect\":\"Allow\",\"Resource\":\"*\"},{\"Action\":[\"eks:ListClusters\",\"eks:DescribeCluster\"],\"Effect\":\"Allow\",\"Resource\":\"*\"}]}"
              }
            ],
            "managed_policy_arns": [
              "arn:aws:iam::aws:policy/AWSPriceListServiceFullAccess",
              "arn:aws:iam::aws:policy/AmazonEC2ContainerRegistryReadOnly",
              "arn:aws:iam::aws:policy/AmazonEKSWorkerNodePolicy",
              "arn:aws:iam::aws:policy/AmazonEKS_CNI_Policy"
            ],
            "max_session_duration": 3600,
            "name": "KarpenterRole-demo",
            "name_prefix": "",
            "path": "/",
            "permissions_boundary": null,
            "role_last_used": [
              {
                "last_used_date": "2025-02-13T07:06:35Z",
                "region": "ap-south-1"
              }
            ],
            "tags": {},
            "tags_all": {},
            "unique_id": "AROAS252WDRRM6U7NDWOT"
          },
          "sensitive_attributes": [],
          "private": "bnVsbA==",
          "dependencies": [
            "data.aws_eks_cluster.demo",
            "data.aws_iam_openid_connect_provider.demo",
            "module.eks.aws_eks_cluster.demo",
            "module.eks.aws_iam_role.demo",
            "module.eks.aws_iam_role_policy_attachment.eks_block_storage_policy",
            "module.eks.aws_iam_role_policy_attachment.eks_cluster_policy",
            "module.eks.aws_iam_role_policy_attachment.eks_compute_policy",
            "module.eks.aws_iam_role_policy_attachment.eks_load_balancing_policy",
            "module.eks.aws_iam_role_policy_attachment.eks_networking_policy"
          ]
        }
      ]
    },
    {
      "mode": "managed",
      "type": "aws_iam_role_policy",
      "name": "karpenter_policy",
      "provider": "provider[\"registry.terraform.io/hashicorp/aws\"]",
      "instances": [
        {
          "schema_version": 0,
          "attributes": {
            "id": "KarpenterRole-demo:KarpenterFullAccessPolicy",
            "name": "KarpenterFullAccessPolicy",
            "name_prefix": null,
            "policy": "{\"Version\":\"2012-10-17\",\"Statement\":[{\"Action\":[\"ec2:DescribeInstances\",\"ec2:DescribeInstanceTypes\",\"ec2:DescribeSubnets\",\"ec2:DescribeAvailabilityZones\",\"ec2:DescribeSecurityGroups\",\"ec2:DescribeLaunchTemplates\",\"ec2:RunInstances\",\"ec2:TerminateInstances\",\"ec2:CreateLaunchTemplate\",\"ec2:CreateFleet\",\"ec2:DeleteLaunchTemplate\",\"ec2:CreateTags\",\"iam:PassRole\"],\"Effect\":\"Allow\",\"Resource\":\"*\"},{\"Action\":[\"eks:DescribeCluster\"],\"Effect\":\"Allow\",\"Resource\":\"*\"},{\"Action\":[\"ecr:GetAuthorizationToken\",\"ecr:BatchCheckLayerAvailability\",\"ecr:GetDownloadUrlForLayer\",\"ecr:BatchGetImage\"],\"Effect\":\"Allow\",\"Resource\":\"*\"},{\"Action\":[\"pricing:GetProducts\"],\"Effect\":\"Allow\",\"Resource\":\"*\"},{\"Action\":[\"ssm:GetParameter\"],\"Effect\":\"Allow\",\"Resource\":\"*\"},{\"Action\":\"ec2:*\",\"Effect\":\"Allow\",\"Resource\":\"*\"},{\"Action\":[\"eks:ListClusters\",\"eks:DescribeCluster\"],\"Effect\":\"Allow\",\"Resource\":\"*\"}]}",
            "role": "KarpenterRole-demo"
          },
          "sensitive_attributes": [],
          "private": "bnVsbA==",
          "dependencies": [
            "aws_iam_role.karpenter_role",
            "data.aws_eks_cluster.demo",
            "data.aws_iam_openid_connect_provider.demo",
            "module.eks.aws_eks_cluster.demo",
            "module.eks.aws_iam_role.demo",
            "module.eks.aws_iam_role_policy_attachment.eks_block_storage_policy",
            "module.eks.aws_iam_role_policy_attachment.eks_cluster_policy",
            "module.eks.aws_iam_role_policy_attachment.eks_compute_policy",
            "module.eks.aws_iam_role_policy_attachment.eks_load_balancing_policy",
            "module.eks.aws_iam_role_policy_attachment.eks_networking_policy"
          ]
        }
      ]
    },
    {
      "mode": "managed",
      "type": "aws_iam_role_policy_attachment",
      "name": "karpenter_cni",
      "provider": "provider[\"registry.terraform.io/hashicorp/aws\"]",
      "instances": [
        {
          "schema_version": 0,
          "attributes": {
            "id": "KarpenterRole-demo-20250213040857232200000001",
            "policy_arn": "arn:aws:iam::aws:policy/AmazonEKS_CNI_Policy",
            "role": "KarpenterRole-demo"
          },
          "sensitive_attributes": [],
          "private": "bnVsbA==",
          "dependencies": [
            "aws_iam_role.karpenter_role",
            "data.aws_eks_cluster.demo",
            "data.aws_iam_openid_connect_provider.demo",
            "module.eks.aws_eks_cluster.demo",
            "module.eks.aws_iam_role.demo",
            "module.eks.aws_iam_role_policy_attachment.eks_block_storage_policy",
            "module.eks.aws_iam_role_policy_attachment.eks_cluster_policy",
            "module.eks.aws_iam_role_policy_attachment.eks_compute_policy",
            "module.eks.aws_iam_role_policy_attachment.eks_load_balancing_policy",
            "module.eks.aws_iam_role_policy_attachment.eks_networking_policy"
          ]
        }
      ]
    },
    {
      "mode": "managed",
      "type": "aws_iam_role_policy_attachment",
      "name": "karpenter_ecr_readonly",
      "provider": "provider[\"registry.terraform.io/hashicorp/aws\"]",
      "instances": [
        {
          "schema_version": 0,
          "attributes": {
            "id": "KarpenterRole-demo-20250213040857436400000002",
            "policy_arn": "arn:aws:iam::aws:policy/AmazonEC2ContainerRegistryReadOnly",
            "role": "KarpenterRole-demo"
          },
          "sensitive_attributes": [],
          "private": "bnVsbA==",
          "dependencies": [
            "aws_iam_role.karpenter_role",
            "data.aws_eks_cluster.demo",
            "data.aws_iam_openid_connect_provider.demo",
            "module.eks.aws_eks_cluster.demo",
            "module.eks.aws_iam_role.demo",
            "module.eks.aws_iam_role_policy_attachment.eks_block_storage_policy",
            "module.eks.aws_iam_role_policy_attachment.eks_cluster_policy",
            "module.eks.aws_iam_role_policy_attachment.eks_compute_policy",
            "module.eks.aws_iam_role_policy_attachment.eks_load_balancing_policy",
            "module.eks.aws_iam_role_policy_attachment.eks_networking_policy"
          ]
        }
      ]
    },
    {
      "mode": "managed",
      "type": "aws_iam_role_policy_attachment",
      "name": "karpenter_eks_worker",
      "provider": "provider[\"registry.terraform.io/hashicorp/aws\"]",
      "instances": [
        {
          "schema_version": 0,
          "attributes": {
            "id": "KarpenterRole-demo-20250213040857768400000004",
            "policy_arn": "arn:aws:iam::aws:policy/AmazonEKSWorkerNodePolicy",
            "role": "KarpenterRole-demo"
          },
          "sensitive_attributes": [],
          "private": "bnVsbA==",
          "dependencies": [
            "aws_iam_role.karpenter_role",
            "data.aws_eks_cluster.demo",
            "data.aws_iam_openid_connect_provider.demo",
            "module.eks.aws_eks_cluster.demo",
            "module.eks.aws_iam_role.demo",
            "module.eks.aws_iam_role_policy_attachment.eks_block_storage_policy",
            "module.eks.aws_iam_role_policy_attachment.eks_cluster_policy",
            "module.eks.aws_iam_role_policy_attachment.eks_compute_policy",
            "module.eks.aws_iam_role_policy_attachment.eks_load_balancing_policy",
            "module.eks.aws_iam_role_policy_attachment.eks_networking_policy"
          ]
        }
      ]
    },
    {
      "mode": "managed",
      "type": "aws_iam_role_policy_attachment",
      "name": "karpenter_pricing_access",
      "provider": "provider[\"registry.terraform.io/hashicorp/aws\"]",
      "instances": [
        {
          "schema_version": 0,
          "attributes": {
            "id": "KarpenterRole-demo-20250213040857516700000003",
            "policy_arn": "arn:aws:iam::aws:policy/AWSPriceListServiceFullAccess",
            "role": "KarpenterRole-demo"
          },
          "sensitive_attributes": [],
          "private": "bnVsbA==",
          "dependencies": [
            "aws_iam_role.karpenter_role",
            "data.aws_eks_cluster.demo",
            "data.aws_iam_openid_connect_provider.demo",
            "module.eks.aws_eks_cluster.demo",
            "module.eks.aws_iam_role.demo",
            "module.eks.aws_iam_role_policy_attachment.eks_block_storage_policy",
            "module.eks.aws_iam_role_policy_attachment.eks_cluster_policy",
            "module.eks.aws_iam_role_policy_attachment.eks_compute_policy",
            "module.eks.aws_iam_role_policy_attachment.eks_load_balancing_policy",
            "module.eks.aws_iam_role_policy_attachment.eks_networking_policy"
          ]
        }
      ]
    },
    {
      "mode": "managed",
      "type": "helm_release",
      "name": "karpenter",
      "provider": "provider[\"registry.terraform.io/hashicorp/helm\"]",
      "instances": [
        {
          "schema_version": 1,
          "attributes": {
            "atomic": false,
            "chart": "karpenter",
            "cleanup_on_fail": false,
            "create_namespace": true,
            "dependency_update": false,
            "description": null,
            "devel": null,
            "disable_crd_hooks": false,
            "disable_openapi_validation": false,
            "disable_webhooks": false,
            "force_update": false,
            "id": "karpenter",
            "keyring": null,
            "lint": false,
            "manifest": null,
            "max_history": 0,
            "metadata": [
              {
                "app_version": "0.16.3",
                "chart": "karpenter",
                "first_deployed": 1739419592,
                "last_deployed": 1739425570,
                "name": "karpenter",
                "namespace": "karpenter",
                "notes": "",
                "revision": 2,
                "values": "{\"aws\":{\"region\":\"ap-south-1\"},\"clusterEndpoint\":\"https://00FC13AC9676D0C4F54E8177AFA5B70B.gr7.ap-south-1.eks.amazonaws.com\",\"clusterName\":\"demo\",\"controller\":{\"env\":[{\"name\":\"AWS_REGION\",\"value\":\"ap-south-1\"}]},\"serviceAccount\":{\"annotations\":{\"eks.amazonaws.com/role-arn\":\"arn:aws:iam::195275660386:role/KarpenterRole-demo\"},\"create\":true,\"name\":\"karpenter\"},\"vpcId\":\"vpc-0f52c16bc75714940\"}",
                "version": "0.16.3"
              }
            ],
            "name": "karpenter",
            "namespace": "karpenter",
            "pass_credentials": false,
            "postrender": [],
            "recreate_pods": false,
            "render_subchart_notes": true,
            "replace": false,
            "repository": "https://charts.karpenter.sh/",
            "repository_ca_file": null,
            "repository_cert_file": null,
            "repository_key_file": null,
            "repository_password": null,
            "repository_username": null,
            "reset_values": false,
            "reuse_values": false,
            "set": [
              {
                "name": "aws.region",
                "type": "",
                "value": "ap-south-1"
              },
              {
                "name": "clusterEndpoint",
                "type": "",
                "value": "https://00FC13AC9676D0C4F54E8177AFA5B70B.gr7.ap-south-1.eks.amazonaws.com"
              },
              {
                "name": "clusterName",
                "type": "",
                "value": "demo"
              },
              {
                "name": "serviceAccount.annotations.eks\\.amazonaws\\.com/role-arn",
                "type": "",
                "value": "arn:aws:iam::195275660386:role/KarpenterRole-demo"
              },
              {
                "name": "serviceAccount.create",
                "type": "",
                "value": "true"
              },
              {
                "name": "serviceAccount.name",
                "type": "",
                "value": "karpenter"
              },
              {
                "name": "vpcId",
                "type": "",
                "value": "vpc-0f52c16bc75714940"
              }
            ],
            "set_list": [],
            "set_sensitive": [],
            "skip_crds": false,
            "status": "deployed",
            "timeout": 300,
            "upgrade_install": null,
            "values": [
              "controller:\n  env:\n    - name: AWS_REGION\n      value: \"ap-south-1\"   # Set your AWS region dynamically\n"
            ],
            "verify": false,
            "version": "0.16.3",
            "wait": true,
            "wait_for_jobs": false
          },
          "sensitive_attributes": [
            [
              {
                "type": "get_attr",
                "value": "repository_password"
              }
            ]
          ],
          "private": "eyJzY2hlbWFfdmVyc2lvbiI6IjEifQ==",
          "dependencies": [
            "aws_iam_role.karpenter_role",
            "data.aws_eks_cluster.demo",
            "data.aws_eks_cluster_auth.demo",
            "data.aws_iam_openid_connect_provider.demo",
            "module.eks.aws_eks_cluster.demo",
            "module.eks.aws_iam_role.demo",
            "module.eks.aws_iam_role_policy_attachment.eks_block_storage_policy",
            "module.eks.aws_iam_role_policy_attachment.eks_cluster_policy",
            "module.eks.aws_iam_role_policy_attachment.eks_compute_policy",
            "module.eks.aws_iam_role_policy_attachment.eks_load_balancing_policy",
            "module.eks.aws_iam_role_policy_attachment.eks_networking_policy"
          ]
        }
      ]
    },
    {
      "mode": "managed",
      "type": "helm_release",
      "name": "keda",
      "provider": "provider[\"registry.terraform.io/hashicorp/helm\"]",
      "instances": [
        {
          "schema_version": 1,
          "attributes": {
            "atomic": false,
            "chart": "keda",
            "cleanup_on_fail": false,
            "create_namespace": true,
            "dependency_update": false,
            "description": null,
            "devel": null,
            "disable_crd_hooks": false,
            "disable_openapi_validation": false,
            "disable_webhooks": false,
            "force_update": false,
            "id": "keda",
            "keyring": null,
            "lint": false,
            "manifest": null,
            "max_history": 0,
            "metadata": [
              {
                "app_version": "2.16.1",
                "chart": "keda",
                "first_deployed": 1739419590,
                "last_deployed": 1739419590,
                "name": "keda",
                "namespace": "keda",
                "notes": "\n:::^.     .::::^:     :::::::::::::::    .:::::::::.                   .^.                  \n7???~   .^7????~.     7??????????????.   :?????????77!^.              .7?7.                 \n7???~  ^7???7~.       ~!!!!!!!!!!!!!!.   :????!!!!7????7~.           .7???7.                \n7???~^7????~.                            :????:    :~7???7.         :7?????7.               \n7???7????!.           ::::::::::::.      :????:      .7???!        :7??77???7.              \n7????????7:           7???????????~      :????:       :????:      :???7?5????7.             \n7????!~????^          !77777777777^      :????:       :????:     ^???7?#P7????7.            \n7???~  ^????~                            :????:      :7???!     ^???7J#@J7?????7.           \n7???~   :7???!.                          :????:   .:~7???!.    ~???7Y\u0026@#7777????7.          \n7???~    .7???7:      !!!!!!!!!!!!!!!    :????7!!77????7^     ~??775@@@GJJYJ?????7.         \n7???~     .!????^     7?????????????7.   :?????????7!~:      !????G@@@@@@@@5??????7:        \n::::.       :::::     :::::::::::::::    .::::::::..        .::::JGGGB@@@\u00267:::::::::        \n                                                                      ?@@#~                  \n                                                                      P@B^                   \n                                                                    :\u0026G:                    \n                                                                    !5.                     \n                                                                    .Kubernetes Event-driven Autoscaling (KEDA) - Application autoscaling made simple.\n\nGet started by deploying Scaled Objects to your cluster:\n    - Information about Scaled Objects : https://keda.sh/docs/latest/concepts/\n    - Samples: https://github.com/kedacore/samples\n\nGet information about the deployed ScaledObjects:\n  kubectl get scaledobject [--namespace \u003cnamespace\u003e]\n\nGet details about a deployed ScaledObject:\n  kubectl describe scaledobject \u003cscaled-object-name\u003e [--namespace \u003cnamespace\u003e]\n\nGet information about the deployed ScaledObjects:\n  kubectl get triggerauthentication [--namespace \u003cnamespace\u003e]\n\nGet details about a deployed ScaledObject:\n  kubectl describe triggerauthentication \u003ctrigger-authentication-name\u003e [--namespace \u003cnamespace\u003e]\n\nGet an overview of the Horizontal Pod Autoscalers (HPA) that KEDA is using behind the scenes:\n  kubectl get hpa [--all-namespaces] [--namespace \u003cnamespace\u003e]\n\nLearn more about KEDA:\n- Documentation: https://keda.sh/\n- Support: https://keda.sh/support/\n- File an issue: https://github.com/kedacore/keda/issues/new/choose\n",
                "revision": 1,
                "values": "{\"installCRDs\":true,\"operator\":{\"namespace\":\"keda\"}}",
                "version": "2.16.1"
              }
            ],
            "name": "keda",
            "namespace": "keda",
            "pass_credentials": false,
            "postrender": [],
            "recreate_pods": false,
            "render_subchart_notes": true,
            "replace": false,
            "repository": "https://kedacore.github.io/charts",
            "repository_ca_file": null,
            "repository_cert_file": null,
            "repository_key_file": null,
            "repository_password": null,
            "repository_username": null,
            "reset_values": false,
            "reuse_values": false,
            "set": [
              {
                "name": "installCRDs",
                "type": "",
                "value": "true"
              },
              {
                "name": "operator.namespace",
                "type": "",
                "value": "keda"
              }
            ],
            "set_list": [],
            "set_sensitive": [],
            "skip_crds": false,
            "status": "deployed",
            "timeout": 300,
            "upgrade_install": null,
            "values": null,
            "verify": false,
            "version": "2.16.1",
            "wait": true,
            "wait_for_jobs": false
          },
          "sensitive_attributes": [
            [
              {
                "type": "get_attr",
                "value": "repository_password"
              }
            ]
          ],
          "private": "eyJzY2hlbWFfdmVyc2lvbiI6IjEifQ==",
          "dependencies": [
            "data.aws_eks_cluster.demo",
            "data.aws_eks_cluster_auth.demo",
            "module.eks.aws_eks_cluster.demo",
            "module.eks.aws_iam_role.demo",
            "module.eks.aws_iam_role_policy_attachment.eks_block_storage_policy",
            "module.eks.aws_iam_role_policy_attachment.eks_cluster_policy",
            "module.eks.aws_iam_role_policy_attachment.eks_compute_policy",
            "module.eks.aws_iam_role_policy_attachment.eks_load_balancing_policy",
            "module.eks.aws_iam_role_policy_attachment.eks_networking_policy"
          ]
        }
      ]
    },
    {
      "mode": "managed",
      "type": "helm_release",
      "name": "metrics_server",
      "provider": "provider[\"registry.terraform.io/hashicorp/helm\"]",
      "instances": [
        {
          "schema_version": 1,
          "attributes": {
            "atomic": false,
            "chart": "metrics-server",
            "cleanup_on_fail": false,
            "create_namespace": false,
            "dependency_update": false,
            "description": null,
            "devel": null,
            "disable_crd_hooks": false,
            "disable_openapi_validation": false,
            "disable_webhooks": false,
            "force_update": false,
            "id": "metrics-server",
            "keyring": null,
            "lint": false,
            "manifest": null,
            "max_history": 0,
            "metadata": [
              {
                "app_version": "0.7.2",
                "chart": "metrics-server",
                "first_deployed": 1739419589,
                "last_deployed": 1739419589,
                "name": "metrics-server",
                "namespace": "kube-system",
                "notes": "***********************************************************************\n* Metrics Server                                                      *\n***********************************************************************\n  Chart version: 3.12.2\n  App version:   0.7.2\n  Image tag:     registry.k8s.io/metrics-server/metrics-server:v0.7.2\n***********************************************************************\n",
                "revision": 1,
                "values": "{\"args\":[\"--kubelet-insecure-tls\"]}",
                "version": "3.12.2"
              }
            ],
            "name": "metrics-server",
            "namespace": "kube-system",
            "pass_credentials": false,
            "postrender": [],
            "recreate_pods": false,
            "render_subchart_notes": true,
            "replace": false,
            "repository": "https://kubernetes-sigs.github.io/metrics-server/",
            "repository_ca_file": null,
            "repository_cert_file": null,
            "repository_key_file": null,
            "repository_password": null,
            "repository_username": null,
            "reset_values": false,
            "reuse_values": false,
            "set": [
              {
                "name": "args",
                "type": "",
                "value": "{--kubelet-insecure-tls}"
              }
            ],
            "set_list": [],
            "set_sensitive": [],
            "skip_crds": false,
            "status": "deployed",
            "timeout": 300,
            "upgrade_install": null,
            "values": null,
            "verify": false,
            "version": "3.12.2",
            "wait": true,
            "wait_for_jobs": false
          },
          "sensitive_attributes": [
            [
              {
                "type": "get_attr",
                "value": "repository_password"
              }
            ]
          ],
          "private": "eyJzY2hlbWFfdmVyc2lvbiI6IjEifQ==",
          "dependencies": [
            "data.aws_eks_cluster.demo",
            "data.aws_eks_cluster_auth.demo",
            "module.eks.aws_eks_cluster.demo",
            "module.eks.aws_iam_role.demo",
            "module.eks.aws_iam_role_policy_attachment.eks_block_storage_policy",
            "module.eks.aws_iam_role_policy_attachment.eks_cluster_policy",
            "module.eks.aws_iam_role_policy_attachment.eks_compute_policy",
            "module.eks.aws_iam_role_policy_attachment.eks_load_balancing_policy",
            "module.eks.aws_iam_role_policy_attachment.eks_networking_policy"
          ]
        }
      ]
    },
    {
      "module": "module.alb_controller",
      "mode": "data",
      "type": "aws_iam_policy_document",
      "name": "kubernetes_alb_controller_assume",
      "provider": "provider[\"registry.terraform.io/hashicorp/aws\"]",
      "instances": [
        {
          "index_key": 0,
          "schema_version": 0,
          "attributes": {
            "id": "918631031",
            "json": "{\n  \"Version\": \"2012-10-17\",\n  \"Statement\": [\n    {\n      \"Sid\": \"\",\n      \"Effect\": \"Allow\",\n      \"Action\": \"sts:AssumeRoleWithWebIdentity\",\n      \"Principal\": {\n        \"Federated\": \"arn:aws:iam::195275660386:oidc-provider/oidc.eks.ap-south-1.amazonaws.com/id/00FC13AC9676D0C4F54E8177AFA5B70B\"\n      },\n      \"Condition\": {\n        \"StringEquals\": {\n          \"oidc.eks.ap-south-1.amazonaws.com/id/00FC13AC9676D0C4F54E8177AFA5B70B:aud\": \"sts.amazonaws.com\",\n          \"oidc.eks.ap-south-1.amazonaws.com/id/00FC13AC9676D0C4F54E8177AFA5B70B:sub\": \"system:serviceaccount:kube-system:aws-load-balancer-controller\"\n        }\n      }\n    }\n  ]\n}",
            "override_json": null,
            "override_policy_documents": null,
            "policy_id": null,
            "source_json": null,
            "source_policy_documents": null,
            "statement": [
              {
                "actions": [
                  "sts:AssumeRoleWithWebIdentity"
                ],
                "condition": [
                  {
                    "test": "StringEquals",
                    "values": [
                      "sts.amazonaws.com"
                    ],
                    "variable": "oidc.eks.ap-south-1.amazonaws.com/id/00FC13AC9676D0C4F54E8177AFA5B70B:aud"
                  },
                  {
                    "test": "StringEquals",
                    "values": [
                      "system:serviceaccount:kube-system:aws-load-balancer-controller"
                    ],
                    "variable": "oidc.eks.ap-south-1.amazonaws.com/id/00FC13AC9676D0C4F54E8177AFA5B70B:sub"
                  }
                ],
                "effect": "Allow",
                "not_actions": [],
                "not_principals": [],
                "not_resources": [],
                "principals": [
                  {
                    "identifiers": [
                      "arn:aws:iam::195275660386:oidc-provider/oidc.eks.ap-south-1.amazonaws.com/id/00FC13AC9676D0C4F54E8177AFA5B70B"
                    ],
                    "type": "Federated"
                  }
                ],
                "resources": [],
                "sid": ""
              }
            ],
            "version": "2012-10-17"
          },
          "sensitive_attributes": []
        }
      ]
    },
    {
      "module": "module.alb_controller",
      "mode": "managed",
      "type": "aws_iam_policy",
      "name": "kubernetes_alb_controller",
      "provider": "provider[\"registry.terraform.io/hashicorp/aws\"]",
      "instances": [
        {
          "index_key": 0,
          "schema_version": 0,
          "attributes": {
            "arn": "arn:aws:iam::195275660386:policy/demo-alb-controller",
            "description": "Policy for load balancer controller service",
            "id": "arn:aws:iam::195275660386:policy/demo-alb-controller",
            "name": "demo-alb-controller",
            "name_prefix": "",
            "path": "/",
            "policy": "{\"Statement\":[{\"Action\":[\"iam:CreateServiceLinkedRole\"],\"Condition\":{\"StringEquals\":{\"iam:AWSServiceName\":\"elasticloadbalancing.amazonaws.com\"}},\"Effect\":\"Allow\",\"Resource\":\"*\"},{\"Action\":[\"ec2:DescribeAccountAttributes\",\"ec2:DescribeAddresses\",\"ec2:DescribeAvailabilityZones\",\"ec2:DescribeInternetGateways\",\"ec2:DescribeVpcs\",\"ec2:DescribeVpcPeeringConnections\",\"ec2:DescribeSubnets\",\"ec2:DescribeSecurityGroups\",\"ec2:DescribeInstances\",\"ec2:DescribeNetworkInterfaces\",\"ec2:DescribeTags\",\"ec2:GetCoipPoolUsage\",\"ec2:DescribeCoipPools\",\"elasticloadbalancing:DescribeLoadBalancers\",\"elasticloadbalancing:DescribeLoadBalancerAttributes\",\"elasticloadbalancing:DescribeListeners\",\"elasticloadbalancing:DescribeListenerCertificates\",\"elasticloadbalancing:DescribeSSLPolicies\",\"elasticloadbalancing:DescribeRules\",\"elasticloadbalancing:DescribeTargetGroups\",\"elasticloadbalancing:DescribeTargetGroupAttributes\",\"elasticloadbalancing:DescribeTargetHealth\",\"elasticloadbalancing:DescribeTags\"],\"Effect\":\"Allow\",\"Resource\":\"*\"},{\"Action\":[\"cognito-idp:DescribeUserPoolClient\",\"acm:ListCertificates\",\"acm:DescribeCertificate\",\"iam:ListServerCertificates\",\"iam:GetServerCertificate\",\"waf-regional:GetWebACL\",\"waf-regional:GetWebACLForResource\",\"waf-regional:AssociateWebACL\",\"waf-regional:DisassociateWebACL\",\"wafv2:GetWebACL\",\"wafv2:GetWebACLForResource\",\"wafv2:AssociateWebACL\",\"wafv2:DisassociateWebACL\",\"shield:GetSubscriptionState\",\"shield:DescribeProtection\",\"shield:CreateProtection\",\"shield:DeleteProtection\"],\"Effect\":\"Allow\",\"Resource\":\"*\"},{\"Action\":[\"ec2:AuthorizeSecurityGroupIngress\",\"ec2:RevokeSecurityGroupIngress\"],\"Effect\":\"Allow\",\"Resource\":\"*\"},{\"Action\":[\"ec2:CreateSecurityGroup\"],\"Effect\":\"Allow\",\"Resource\":\"*\"},{\"Action\":[\"ec2:CreateTags\"],\"Condition\":{\"Null\":{\"aws:RequestTag/elbv2.k8s.aws/cluster\":\"false\"},\"StringEquals\":{\"ec2:CreateAction\":\"CreateSecurityGroup\"}},\"Effect\":\"Allow\",\"Resource\":\"arn:aws:ec2:*:*:security-group/*\"},{\"Action\":[\"ec2:CreateTags\",\"ec2:DeleteTags\"],\"Condition\":{\"Null\":{\"aws:RequestTag/elbv2.k8s.aws/cluster\":\"true\",\"aws:ResourceTag/elbv2.k8s.aws/cluster\":\"false\"}},\"Effect\":\"Allow\",\"Resource\":\"arn:aws:ec2:*:*:security-group/*\"},{\"Action\":[\"ec2:AuthorizeSecurityGroupIngress\",\"ec2:RevokeSecurityGroupIngress\",\"ec2:DeleteSecurityGroup\"],\"Condition\":{\"Null\":{\"aws:ResourceTag/elbv2.k8s.aws/cluster\":\"false\"}},\"Effect\":\"Allow\",\"Resource\":\"*\"},{\"Action\":[\"elasticloadbalancing:CreateLoadBalancer\",\"elasticloadbalancing:CreateTargetGroup\"],\"Condition\":{\"Null\":{\"aws:RequestTag/elbv2.k8s.aws/cluster\":\"false\"}},\"Effect\":\"Allow\",\"Resource\":\"*\"},{\"Action\":[\"elasticloadbalancing:CreateListener\",\"elasticloadbalancing:DeleteListener\",\"elasticloadbalancing:CreateRule\",\"elasticloadbalancing:DeleteRule\"],\"Effect\":\"Allow\",\"Resource\":\"*\"},{\"Action\":[\"elasticloadbalancing:AddTags\",\"elasticloadbalancing:RemoveTags\"],\"Condition\":{\"Null\":{\"aws:RequestTag/elbv2.k8s.aws/cluster\":\"true\",\"aws:ResourceTag/elbv2.k8s.aws/cluster\":\"false\"}},\"Effect\":\"Allow\",\"Resource\":[\"arn:aws:elasticloadbalancing:*:*:targetgroup/*/*\",\"arn:aws:elasticloadbalancing:*:*:loadbalancer/net/*/*\",\"arn:aws:elasticloadbalancing:*:*:loadbalancer/app/*/*\"]},{\"Action\":[\"elasticloadbalancing:AddTags\",\"elasticloadbalancing:RemoveTags\"],\"Effect\":\"Allow\",\"Resource\":[\"arn:aws:elasticloadbalancing:*:*:listener/net/*/*/*\",\"arn:aws:elasticloadbalancing:*:*:listener/app/*/*/*\",\"arn:aws:elasticloadbalancing:*:*:listener-rule/net/*/*/*\",\"arn:aws:elasticloadbalancing:*:*:listener-rule/app/*/*/*\"]},{\"Action\":[\"elasticloadbalancing:AddTags\"],\"Condition\":{\"Null\":{\"aws:RequestTag/elbv2.k8s.aws/cluster\":\"false\"},\"StringEquals\":{\"elasticloadbalancing:CreateAction\":[\"CreateTargetGroup\",\"CreateLoadBalancer\"]}},\"Effect\":\"Allow\",\"Resource\":[\"arn:aws:elasticloadbalancing:*:*:targetgroup/*/*\",\"arn:aws:elasticloadbalancing:*:*:loadbalancer/net/*/*\",\"arn:aws:elasticloadbalancing:*:*:loadbalancer/app/*/*\"]},{\"Action\":[\"elasticloadbalancing:ModifyLoadBalancerAttributes\",\"elasticloadbalancing:SetIpAddressType\",\"elasticloadbalancing:SetSecurityGroups\",\"elasticloadbalancing:SetSubnets\",\"elasticloadbalancing:DeleteLoadBalancer\",\"elasticloadbalancing:ModifyTargetGroup\",\"elasticloadbalancing:ModifyTargetGroupAttributes\",\"elasticloadbalancing:DeleteTargetGroup\"],\"Condition\":{\"Null\":{\"aws:ResourceTag/elbv2.k8s.aws/cluster\":\"false\"}},\"Effect\":\"Allow\",\"Resource\":\"*\"},{\"Action\":[\"elasticloadbalancing:RegisterTargets\",\"elasticloadbalancing:DeregisterTargets\"],\"Effect\":\"Allow\",\"Resource\":\"arn:aws:elasticloadbalancing:*:*:targetgroup/*/*\"},{\"Action\":[\"elasticloadbalancing:SetWebAcl\",\"elasticloadbalancing:ModifyListener\",\"elasticloadbalancing:AddListenerCertificates\",\"elasticloadbalancing:RemoveListenerCertificates\",\"elasticloadbalancing:ModifyRule\"],\"Effect\":\"Allow\",\"Resource\":\"*\"}],\"Version\":\"2012-10-17\"}",
            "policy_id": "ANPAS252WDRRIUF7FJ67Z",
            "tags": {},
            "tags_all": {}
          },
          "sensitive_attributes": [],
          "private": "bnVsbA==",
          "dependencies": [
            "module.eks.aws_eks_cluster.demo",
            "module.eks.aws_iam_role.demo",
            "module.eks.aws_iam_role_policy_attachment.eks_block_storage_policy",
            "module.eks.aws_iam_role_policy_attachment.eks_cluster_policy",
            "module.eks.aws_iam_role_policy_attachment.eks_compute_policy",
            "module.eks.aws_iam_role_policy_attachment.eks_load_balancing_policy",
            "module.eks.aws_iam_role_policy_attachment.eks_networking_policy",
            "module.node.aws_eks_node_group.private-nodes",
            "module.node.aws_iam_role.nodes",
            "module.node.aws_iam_role_policy_attachment.nodes-AmazonEC2ContainerRegistryReadOnly",
            "module.node.aws_iam_role_policy_attachment.nodes-AmazonEKSWorkerNodePolicy",
            "module.node.aws_iam_role_policy_attachment.nodes-AmazonEKS_CNI_Policy",
            "module.node.aws_iam_role_policy_attachment.nodes-AmazonSSMManagedInstanceCore"
          ]
        }
      ]
    },
    {
      "module": "module.alb_controller",
      "mode": "managed",
      "type": "aws_iam_role",
      "name": "kubernetes_alb_controller",
      "provider": "provider[\"registry.terraform.io/hashicorp/aws\"]",
      "instances": [
        {
          "index_key": 0,
          "schema_version": 0,
          "attributes": {
            "arn": "arn:aws:iam::195275660386:role/demo-alb-controller",
            "assume_role_policy": "{\"Statement\":[{\"Action\":\"sts:AssumeRoleWithWebIdentity\",\"Condition\":{\"StringEquals\":{\"oidc.eks.ap-south-1.amazonaws.com/id/00FC13AC9676D0C4F54E8177AFA5B70B:aud\":\"sts.amazonaws.com\",\"oidc.eks.ap-south-1.amazonaws.com/id/00FC13AC9676D0C4F54E8177AFA5B70B:sub\":\"system:serviceaccount:kube-system:aws-load-balancer-controller\"}},\"Effect\":\"Allow\",\"Principal\":{\"Federated\":\"arn:aws:iam::195275660386:oidc-provider/oidc.eks.ap-south-1.amazonaws.com/id/00FC13AC9676D0C4F54E8177AFA5B70B\"},\"Sid\":\"\"}],\"Version\":\"2012-10-17\"}",
            "create_date": "2025-02-13T04:08:56Z",
            "description": "",
            "force_detach_policies": false,
            "id": "demo-alb-controller",
            "inline_policy": [],
            "managed_policy_arns": [
              "arn:aws:iam::195275660386:policy/demo-alb-controller"
            ],
            "max_session_duration": 3600,
            "name": "demo-alb-controller",
            "name_prefix": "",
            "path": "/",
            "permissions_boundary": null,
            "role_last_used": [
              {
                "last_used_date": "",
                "region": ""
              }
            ],
            "tags": {},
            "tags_all": {},
            "unique_id": "AROAS252WDRRIVQRFUDGJ"
          },
          "sensitive_attributes": [],
          "private": "bnVsbA==",
          "dependencies": [
            "data.aws_eks_cluster.demo",
            "data.aws_iam_openid_connect_provider.demo",
            "module.alb_controller.data.aws_iam_policy_document.kubernetes_alb_controller_assume",
            "module.eks.aws_eks_cluster.demo",
            "module.eks.aws_iam_role.demo",
            "module.eks.aws_iam_role_policy_attachment.eks_block_storage_policy",
            "module.eks.aws_iam_role_policy_attachment.eks_cluster_policy",
            "module.eks.aws_iam_role_policy_attachment.eks_compute_policy",
            "module.eks.aws_iam_role_policy_attachment.eks_load_balancing_policy",
            "module.eks.aws_iam_role_policy_attachment.eks_networking_policy",
            "module.node.aws_eks_node_group.private-nodes",
            "module.node.aws_iam_role.nodes",
            "module.node.aws_iam_role_policy_attachment.nodes-AmazonEC2ContainerRegistryReadOnly",
            "module.node.aws_iam_role_policy_attachment.nodes-AmazonEKSWorkerNodePolicy",
            "module.node.aws_iam_role_policy_attachment.nodes-AmazonEKS_CNI_Policy",
            "module.node.aws_iam_role_policy_attachment.nodes-AmazonSSMManagedInstanceCore"
          ]
        }
      ]
    },
    {
      "module": "module.alb_controller",
      "mode": "managed",
      "type": "aws_iam_role_policy_attachment",
      "name": "kubernetes_alb_controller",
      "provider": "provider[\"registry.terraform.io/hashicorp/aws\"]",
      "instances": [
        {
          "index_key": 0,
          "schema_version": 0,
          "attributes": {
            "id": "demo-alb-controller-20250213040857940800000005",
            "policy_arn": "arn:aws:iam::195275660386:policy/demo-alb-controller",
            "role": "demo-alb-controller"
          },
          "sensitive_attributes": [],
          "private": "bnVsbA==",
          "dependencies": [
            "data.aws_eks_cluster.demo",
            "data.aws_iam_openid_connect_provider.demo",
            "module.alb_controller.aws_iam_policy.kubernetes_alb_controller",
            "module.alb_controller.aws_iam_role.kubernetes_alb_controller",
            "module.alb_controller.data.aws_iam_policy_document.kubernetes_alb_controller_assume",
            "module.eks.aws_eks_cluster.demo",
            "module.eks.aws_iam_role.demo",
            "module.eks.aws_iam_role_policy_attachment.eks_block_storage_policy",
            "module.eks.aws_iam_role_policy_attachment.eks_cluster_policy",
            "module.eks.aws_iam_role_policy_attachment.eks_compute_policy",
            "module.eks.aws_iam_role_policy_attachment.eks_load_balancing_policy",
            "module.eks.aws_iam_role_policy_attachment.eks_networking_policy",
            "module.node.aws_eks_node_group.private-nodes",
            "module.node.aws_iam_role.nodes",
            "module.node.aws_iam_role_policy_attachment.nodes-AmazonEC2ContainerRegistryReadOnly",
            "module.node.aws_iam_role_policy_attachment.nodes-AmazonEKSWorkerNodePolicy",
            "module.node.aws_iam_role_policy_attachment.nodes-AmazonEKS_CNI_Policy",
            "module.node.aws_iam_role_policy_attachment.nodes-AmazonSSMManagedInstanceCore"
          ]
        }
      ]
    },
    {
      "module": "module.alb_controller",
      "mode": "managed",
      "type": "helm_release",
      "name": "alb_controller",
      "provider": "provider[\"registry.terraform.io/hashicorp/helm\"]",
      "instances": [
        {
          "index_key": 0,
          "schema_version": 1,
          "attributes": {
            "atomic": false,
            "chart": "aws-load-balancer-controller",
            "cleanup_on_fail": false,
            "create_namespace": false,
            "dependency_update": false,
            "description": null,
            "devel": null,
            "disable_crd_hooks": false,
            "disable_openapi_validation": false,
            "disable_webhooks": false,
            "force_update": false,
            "id": "aws-load-balancer-controller",
            "keyring": null,
            "lint": false,
            "manifest": null,
            "max_history": 0,
            "metadata": [
              {
                "app_version": "v2.5.2",
                "chart": "aws-load-balancer-controller",
                "first_deployed": 1739419741,
                "last_deployed": 1739419741,
                "name": "aws-load-balancer-controller",
                "namespace": "kube-system",
                "notes": "AWS Load Balancer controller installed!\n",
                "revision": 1,
                "values": "{\"awsRegion\":\"ap-south-1\",\"clusterName\":\"demo\",\"enableServiceMutatorWebhook\":false,\"rbac\":{\"create\":true},\"replicaCount\":1,\"serviceAccount\":{\"annotations\":{\"eks.amazonaws.com/role-arn\":\"arn:aws:iam::195275660386:role/demo-alb-controller\"},\"create\":true,\"name\":\"aws-load-balancer-controller\"},\"vpcId\":\"vpc-0f52c16bc75714940\"}",
                "version": "1.5.3"
              }
            ],
            "name": "aws-load-balancer-controller",
            "namespace": "kube-system",
            "pass_credentials": false,
            "postrender": [],
            "recreate_pods": false,
            "render_subchart_notes": true,
            "replace": false,
            "repository": "https://aws.github.io/eks-charts",
            "repository_ca_file": null,
            "repository_cert_file": null,
            "repository_key_file": null,
            "repository_password": null,
            "repository_username": null,
            "reset_values": false,
            "reuse_values": false,
            "set": [
              {
                "name": "awsRegion",
                "type": "",
                "value": "ap-south-1"
              },
              {
                "name": "clusterName",
                "type": "",
                "value": "demo"
              },
              {
                "name": "enableServiceMutatorWebhook",
                "type": "",
                "value": "false"
              },
              {
                "name": "rbac.create",
                "type": "",
                "value": "true"
              },
              {
                "name": "replicaCount",
                "type": "",
                "value": "1"
              },
              {
                "name": "serviceAccount.annotations.eks\\.amazonaws\\.com/role-arn",
                "type": "",
                "value": "arn:aws:iam::195275660386:role/demo-alb-controller"
              },
              {
                "name": "serviceAccount.create",
                "type": "",
                "value": "true"
              },
              {
                "name": "serviceAccount.name",
                "type": "",
                "value": "aws-load-balancer-controller"
              },
              {
                "name": "vpcId",
                "type": "",
                "value": "vpc-0f52c16bc75714940"
              }
            ],
            "set_list": [],
            "set_sensitive": [],
            "skip_crds": false,
            "status": "deployed",
            "timeout": 300,
            "upgrade_install": null,
            "values": [
              "{}\n"
            ],
            "verify": false,
            "version": "1.5.3",
            "wait": true,
            "wait_for_jobs": false
          },
          "sensitive_attributes": [
            [
              {
                "type": "get_attr",
                "value": "repository_password"
              }
            ]
          ],
          "private": "eyJzY2hlbWFfdmVyc2lvbiI6IjEifQ==",
          "dependencies": [
            "data.aws_eks_cluster.demo",
            "data.aws_eks_cluster_auth.demo",
            "data.aws_iam_openid_connect_provider.demo",
            "module.alb_controller.aws_iam_role.kubernetes_alb_controller",
            "module.alb_controller.data.aws_iam_policy_document.kubernetes_alb_controller_assume",
            "module.eks.aws_eks_cluster.demo",
            "module.eks.aws_iam_role.demo",
            "module.eks.aws_iam_role_policy_attachment.eks_block_storage_policy",
            "module.eks.aws_iam_role_policy_attachment.eks_cluster_policy",
            "module.eks.aws_iam_role_policy_attachment.eks_compute_policy",
            "module.eks.aws_iam_role_policy_attachment.eks_load_balancing_policy",
            "module.eks.aws_iam_role_policy_attachment.eks_networking_policy",
            "module.node.aws_eks_node_group.private-nodes",
            "module.node.aws_iam_role.nodes",
            "module.node.aws_iam_role_policy_attachment.nodes-AmazonEC2ContainerRegistryReadOnly",
            "module.node.aws_iam_role_policy_attachment.nodes-AmazonEKSWorkerNodePolicy",
            "module.node.aws_iam_role_policy_attachment.nodes-AmazonEKS_CNI_Policy",
            "module.node.aws_iam_role_policy_attachment.nodes-AmazonSSMManagedInstanceCore"
          ]
        }
      ]
    },
    {
      "module": "module.eks",
      "mode": "managed",
      "type": "aws_eks_cluster",
      "name": "demo",
      "provider": "provider[\"registry.terraform.io/hashicorp/aws\"]",
      "instances": [
        {
          "schema_version": 0,
          "attributes": {
            "arn": "arn:aws:eks:ap-south-1:195275660386:cluster/demo",
            "certificate_authority": [
              {
                "data": "LS0tLS1CRUdJTiBDRVJUSUZJQ0FURS0tLS0tCk1JSURCVENDQWUyZ0F3SUJBZ0lJVmVFT2tvWWNwYWN3RFFZSktvWklodmNOQVFFTEJRQXdGVEVUTUJFR0ExVUUKQXhNS2EzVmlaWEp1WlhSbGN6QWVGdzB5TlRBeU1UTXdNelU1TVRWYUZ3MHpOVEF5TVRFd05EQTBNVFZhTUJVeApFekFSQmdOVkJBTVRDbXQxWW1WeWJtVjBaWE13Z2dFaU1BMEdDU3FHU0liM0RRRUJBUVVBQTRJQkR3QXdnZ0VLCkFvSUJBUURHSThDVWNsMFB3ZFkvR0lrMzAzdWZzYkZvQkJGSHlxcDJ6ekxhQ2tCNlBlZ1djNC80eng1cnViUHoKNEJwV3pUYkVPbXNTTC9hTmhHY010aXREdDU5Nko2bkg3REN3c2tERUd4YTNNVTNqWTg3NVZJVklqWklSSXVkUQpVdjBBeDJlZmthb3A3WDNnSkJDZG0rTTU1ZnZ3WjdocTltcTg0SGhDR2lWZk5rMDhyUFUzOVplYUJQWC9QZFVKCjZGUTRIWDRBNStNVWp6UFNER3ZmajVITXlVVHVXR1FoSzhZMGlyazI3MjcvYXBEditSd2I5SnV0ZmNFOFluL0YKbHJyY3VMMVNNT3NiYXUya2gxeWhYMDJQM1lDUy9ZK0k5S3BmUEFYODBkL2RvbXN3eHhJVklwdDJoOWhyVy8rYwprNlRzYnhuN2Nxb2ZRVGxzU0pzd0tZUlZUL3RCQWdNQkFBR2pXVEJYTUE0R0ExVWREd0VCL3dRRUF3SUNwREFQCkJnTlZIUk1CQWY4RUJUQURBUUgvTUIwR0ExVWREZ1FXQkJTNlFwVk1UZlBlWXBKd1BsNERNckdwb1Z6ZVdqQVYKQmdOVkhSRUVEakFNZ2dwcmRXSmxjbTVsZEdWek1BMEdDU3FHU0liM0RRRUJDd1VBQTRJQkFRQ2c1THBQTUkyMApUWURoSFk3ak02SEI2NjJkTUsvbDFRVDlWSkxxQi9OdGZkK0JQWFZSaDUvdnNvM2lBdExnMHUvUXQzMWgxWENoCm9BSDRWL3JGZzIzejE5Y2xUZkxPMkVITm84S1B2NWNYNW5MeGo5dDNrYmlkS3J5WkR5Z25KZW1ydi9WQVdha1MKSmJ4UjFFMU1QRW04Zmp2QjIyZnBoYndTbkNLdjF3UERBblNGZkJqWG9DSUJrd3JXeE1CY25QUmNSYU5CT0NRNApDbmZrcVJrbzhDNTZoL3E3S3R1OHZVMkJScGFUWnR1eTFZOUloRGFPSmZkdEUxYVEvMFp1NDFtdVhFMHFEbmNqClBoOFd5eGdhMllZcW0yQ1dDZDNpN3g2TjVCZzg3RFp2a251T2Q2ZFpwbWNSSXNqT3J4RllscERJZnZpYUVXNlYKVzdtQU5KZytBM3g2Ci0tLS0tRU5EIENFUlRJRklDQVRFLS0tLS0K"
              }
            ],
            "cluster_id": null,
            "created_at": "2025-02-13 03:59:26.9 +0000 UTC",
            "enabled_cluster_log_types": [],
            "encryption_config": [],
            "endpoint": "https://00FC13AC9676D0C4F54E8177AFA5B70B.gr7.ap-south-1.eks.amazonaws.com",
            "id": "demo",
            "identity": [
              {
                "oidc": [
                  {
                    "issuer": "https://oidc.eks.ap-south-1.amazonaws.com/id/00FC13AC9676D0C4F54E8177AFA5B70B"
                  }
                ]
              }
            ],
            "kubernetes_network_config": [
              {
                "ip_family": "ipv4",
                "service_ipv4_cidr": "10.100.0.0/16",
                "service_ipv6_cidr": ""
              }
            ],
            "name": "demo",
            "outpost_config": [],
            "platform_version": "eks.19",
            "role_arn": "arn:aws:iam::195275660386:role/eks-cluster-demo",
            "status": "ACTIVE",
            "tags": {},
            "tags_all": {},
            "timeouts": null,
            "version": "1.31",
            "vpc_config": [
              {
                "cluster_security_group_id": "sg-0eccd8ae69ba2f010",
                "endpoint_private_access": false,
                "endpoint_public_access": true,
                "public_access_cidrs": [
                  "0.0.0.0/0"
                ],
                "security_group_ids": [],
                "subnet_ids": [
                  "subnet-07207ccf2c8b928a9",
                  "subnet-0e930c30333242ecd",
                  "subnet-0f4d6493a02a682fd"
                ],
                "vpc_id": "vpc-0f52c16bc75714940"
              }
            ]
          },
          "sensitive_attributes": [],
          "private": "eyJlMmJmYjczMC1lY2FhLTExZTYtOGY4OC0zNDM2M2JjN2M0YzAiOnsiY3JlYXRlIjoxODAwMDAwMDAwMDAwLCJkZWxldGUiOjkwMDAwMDAwMDAwMCwidXBkYXRlIjozNjAwMDAwMDAwMDAwfX0=",
          "dependencies": [
            "module.eks.aws_iam_role.demo"
          ]
        }
      ]
    },
    {
      "module": "module.eks",
      "mode": "managed",
      "type": "aws_iam_role",
      "name": "demo",
      "provider": "provider[\"registry.terraform.io/hashicorp/aws\"]",
      "instances": [
        {
          "schema_version": 0,
          "attributes": {
            "arn": "arn:aws:iam::195275660386:role/eks-cluster-demo",
            "assume_role_policy": "{\"Statement\":[{\"Action\":[\"sts:AssumeRole\",\"sts:TagSession\"],\"Effect\":\"Allow\",\"Principal\":{\"Service\":\"eks.amazonaws.com\"}}],\"Version\":\"2012-10-17\"}",
            "create_date": "2025-02-13T03:59:23Z",
            "description": "",
            "force_detach_policies": false,
            "id": "eks-cluster-demo",
            "inline_policy": [],
            "managed_policy_arns": [
              "arn:aws:iam::aws:policy/AmazonEKSBlockStoragePolicy",
              "arn:aws:iam::aws:policy/AmazonEKSClusterPolicy",
              "arn:aws:iam::aws:policy/AmazonEKSComputePolicy",
              "arn:aws:iam::aws:policy/AmazonEKSLoadBalancingPolicy",
              "arn:aws:iam::aws:policy/AmazonEKSNetworkingPolicy"
            ],
            "max_session_duration": 3600,
            "name": "eks-cluster-demo",
            "name_prefix": "",
            "path": "/",
            "permissions_boundary": null,
            "role_last_used": [
              {
                "last_used_date": "2025-02-13T07:04:50Z",
                "region": "ap-south-1"
              }
            ],
            "tags": {},
            "tags_all": {},
            "unique_id": "AROAS252WDRRESD36XTTO"
          },
          "sensitive_attributes": [],
          "private": "bnVsbA=="
        }
      ]
    },
    {
      "module": "module.eks",
      "mode": "managed",
      "type": "aws_iam_role_policy_attachment",
      "name": "eks_block_storage_policy",
      "provider": "provider[\"registry.terraform.io/hashicorp/aws\"]",
      "instances": [
        {
          "schema_version": 0,
          "attributes": {
            "id": "eks-cluster-demo-20250213035926186000000004",
            "policy_arn": "arn:aws:iam::aws:policy/AmazonEKSBlockStoragePolicy",
            "role": "eks-cluster-demo"
          },
          "sensitive_attributes": [],
          "private": "bnVsbA==",
          "dependencies": [
            "module.eks.aws_iam_role.demo"
          ]
        }
      ]
    },
    {
      "module": "module.eks",
      "mode": "managed",
      "type": "aws_iam_role_policy_attachment",
      "name": "eks_cluster_policy",
      "provider": "provider[\"registry.terraform.io/hashicorp/aws\"]",
      "instances": [
        {
          "schema_version": 0,
          "attributes": {
            "id": "eks-cluster-demo-20250213035925472800000001",
            "policy_arn": "arn:aws:iam::aws:policy/AmazonEKSClusterPolicy",
            "role": "eks-cluster-demo"
          },
          "sensitive_attributes": [],
          "private": "bnVsbA==",
          "dependencies": [
            "module.eks.aws_iam_role.demo"
          ]
        }
      ]
    },
    {
      "module": "module.eks",
      "mode": "managed",
      "type": "aws_iam_role_policy_attachment",
      "name": "eks_compute_policy",
      "provider": "provider[\"registry.terraform.io/hashicorp/aws\"]",
      "instances": [
        {
          "schema_version": 0,
          "attributes": {
            "id": "eks-cluster-demo-20250213035926345700000005",
            "policy_arn": "arn:aws:iam::aws:policy/AmazonEKSComputePolicy",
            "role": "eks-cluster-demo"
          },
          "sensitive_attributes": [],
          "private": "bnVsbA==",
          "dependencies": [
            "module.eks.aws_iam_role.demo"
          ]
        }
      ]
    },
    {
      "module": "module.eks",
      "mode": "managed",
      "type": "aws_iam_role_policy_attachment",
      "name": "eks_load_balancing_policy",
      "provider": "provider[\"registry.terraform.io/hashicorp/aws\"]",
      "instances": [
        {
          "schema_version": 0,
          "attributes": {
            "id": "eks-cluster-demo-20250213035925801500000002",
            "policy_arn": "arn:aws:iam::aws:policy/AmazonEKSLoadBalancingPolicy",
            "role": "eks-cluster-demo"
          },
          "sensitive_attributes": [],
          "private": "bnVsbA==",
          "dependencies": [
            "module.eks.aws_iam_role.demo"
          ]
        }
      ]
    },
    {
      "module": "module.eks",
      "mode": "managed",
      "type": "aws_iam_role_policy_attachment",
      "name": "eks_networking_policy",
      "provider": "provider[\"registry.terraform.io/hashicorp/aws\"]",
      "instances": [
        {
          "schema_version": 0,
          "attributes": {
            "id": "eks-cluster-demo-20250213035926113500000003",
            "policy_arn": "arn:aws:iam::aws:policy/AmazonEKSNetworkingPolicy",
            "role": "eks-cluster-demo"
          },
          "sensitive_attributes": [],
          "private": "bnVsbA==",
          "dependencies": [
            "module.eks.aws_iam_role.demo"
          ]
        }
      ]
    },
    {
      "module": "module.node",
      "mode": "managed",
      "type": "aws_eks_node_group",
      "name": "private-nodes",
      "provider": "provider[\"registry.terraform.io/hashicorp/aws\"]",
      "instances": [
        {
          "schema_version": 0,
          "attributes": {
            "ami_type": "AL2023_x86_64_STANDARD",
            "arn": "arn:aws:eks:ap-south-1:195275660386:nodegroup/demo/private-nodes/6eca7ebe-3cf3-3de8-a4c8-5e23176383bc",
            "capacity_type": "ON_DEMAND",
            "cluster_name": "demo",
            "disk_size": 20,
            "force_update_version": null,
            "id": "demo:private-nodes",
            "instance_types": [
              "t3.medium"
            ],
            "labels": {
              "node": "kubenode02"
            },
            "launch_template": [],
            "node_group_name": "private-nodes",
            "node_group_name_prefix": "",
            "node_role_arn": "arn:aws:iam::195275660386:role/eks-node-group-nodes",
            "release_version": "1.31.4-20250203",
            "remote_access": [],
            "resources": [
              {
                "autoscaling_groups": [
                  {
                    "name": "eks-private-nodes-6eca7ebe-3cf3-3de8-a4c8-5e23176383bc"
                  }
                ],
                "remote_access_security_group_id": ""
              }
            ],
            "scaling_config": [
              {
                "desired_size": 5,
                "max_size": 10,
                "min_size": 1
              }
            ],
            "status": "ACTIVE",
            "subnet_ids": [
              "subnet-07207ccf2c8b928a9",
              "subnet-0e930c30333242ecd",
              "subnet-0f4d6493a02a682fd"
            ],
            "tags": {},
            "tags_all": {},
            "taint": [],
            "timeouts": null,
            "update_config": [
              {
                "max_unavailable": 1,
                "max_unavailable_percentage": 0
              }
            ],
            "version": "1.31"
          },
          "sensitive_attributes": [],
          "private": "eyJlMmJmYjczMC1lY2FhLTExZTYtOGY4OC0zNDM2M2JjN2M0YzAiOnsiY3JlYXRlIjozNjAwMDAwMDAwMDAwLCJkZWxldGUiOjM2MDAwMDAwMDAwMDAsInVwZGF0ZSI6MzYwMDAwMDAwMDAwMH19",
          "dependencies": [
            "module.eks.aws_eks_cluster.demo",
            "module.eks.aws_iam_role.demo",
            "module.eks.aws_iam_role_policy_attachment.eks_block_storage_policy",
            "module.eks.aws_iam_role_policy_attachment.eks_cluster_policy",
            "module.eks.aws_iam_role_policy_attachment.eks_compute_policy",
            "module.eks.aws_iam_role_policy_attachment.eks_load_balancing_policy",
            "module.eks.aws_iam_role_policy_attachment.eks_networking_policy",
            "module.node.aws_iam_role.nodes",
            "module.node.aws_iam_role_policy_attachment.nodes-AmazonEC2ContainerRegistryReadOnly",
            "module.node.aws_iam_role_policy_attachment.nodes-AmazonEKSWorkerNodePolicy",
            "module.node.aws_iam_role_policy_attachment.nodes-AmazonEKS_CNI_Policy"
          ]
        }
      ]
    },
    {
      "module": "module.node",
      "mode": "managed",
      "type": "aws_iam_role",
      "name": "nodes",
      "provider": "provider[\"registry.terraform.io/hashicorp/aws\"]",
      "instances": [
        {
          "schema_version": 0,
          "attributes": {
            "arn": "arn:aws:iam::195275660386:role/eks-node-group-nodes",
            "assume_role_policy": "{\"Statement\":[{\"Action\":\"sts:AssumeRole\",\"Effect\":\"Allow\",\"Principal\":{\"Service\":\"ec2.amazonaws.com\"}}],\"Version\":\"2012-10-17\"}",
            "create_date": "2025-02-13T04:06:19Z",
            "description": "",
            "force_detach_policies": false,
            "id": "eks-node-group-nodes",
            "inline_policy": [],
            "managed_policy_arns": [
              "arn:aws:iam::aws:policy/AmazonEC2ContainerRegistryReadOnly",
              "arn:aws:iam::aws:policy/AmazonEKSWorkerNodePolicy",
              "arn:aws:iam::aws:policy/AmazonEKS_CNI_Policy",
              "arn:aws:iam::aws:policy/AmazonSSMManagedInstanceCore"
            ],
            "max_session_duration": 3600,
            "name": "eks-node-group-nodes",
            "name_prefix": "",
            "path": "/",
            "permissions_boundary": null,
            "role_last_used": [
              {
                "last_used_date": "2025-02-13T07:06:05Z",
                "region": "ap-south-1"
              }
            ],
            "tags": {},
            "tags_all": {},
            "unique_id": "AROAS252WDRRBIJEIBG2R"
          },
          "sensitive_attributes": [],
          "private": "bnVsbA==",
          "dependencies": [
            "module.eks.aws_eks_cluster.demo",
            "module.eks.aws_iam_role.demo",
            "module.eks.aws_iam_role_policy_attachment.eks_block_storage_policy",
            "module.eks.aws_iam_role_policy_attachment.eks_cluster_policy",
            "module.eks.aws_iam_role_policy_attachment.eks_compute_policy",
            "module.eks.aws_iam_role_policy_attachment.eks_load_balancing_policy",
            "module.eks.aws_iam_role_policy_attachment.eks_networking_policy"
          ]
        }
      ]
    },
    {
      "module": "module.node",
      "mode": "managed",
      "type": "aws_iam_role_policy_attachment",
      "name": "nodes-AmazonEC2ContainerRegistryReadOnly",
      "provider": "provider[\"registry.terraform.io/hashicorp/aws\"]",
      "instances": [
        {
          "schema_version": 0,
          "attributes": {
            "id": "eks-node-group-nodes-20250213040620476700000006",
            "policy_arn": "arn:aws:iam::aws:policy/AmazonEC2ContainerRegistryReadOnly",
            "role": "eks-node-group-nodes"
          },
          "sensitive_attributes": [],
          "private": "bnVsbA==",
          "dependencies": [
            "module.eks.aws_eks_cluster.demo",
            "module.eks.aws_iam_role.demo",
            "module.eks.aws_iam_role_policy_attachment.eks_block_storage_policy",
            "module.eks.aws_iam_role_policy_attachment.eks_cluster_policy",
            "module.eks.aws_iam_role_policy_attachment.eks_compute_policy",
            "module.eks.aws_iam_role_policy_attachment.eks_load_balancing_policy",
            "module.eks.aws_iam_role_policy_attachment.eks_networking_policy",
            "module.node.aws_iam_role.nodes"
          ]
        }
      ]
    },
    {
      "module": "module.node",
      "mode": "managed",
      "type": "aws_iam_role_policy_attachment",
      "name": "nodes-AmazonEKSWorkerNodePolicy",
      "provider": "provider[\"registry.terraform.io/hashicorp/aws\"]",
      "instances": [
        {
          "schema_version": 0,
          "attributes": {
            "id": "eks-node-group-nodes-20250213040620481900000007",
            "policy_arn": "arn:aws:iam::aws:policy/AmazonEKSWorkerNodePolicy",
            "role": "eks-node-group-nodes"
          },
          "sensitive_attributes": [],
          "private": "bnVsbA==",
          "dependencies": [
            "module.eks.aws_eks_cluster.demo",
            "module.eks.aws_iam_role.demo",
            "module.eks.aws_iam_role_policy_attachment.eks_block_storage_policy",
            "module.eks.aws_iam_role_policy_attachment.eks_cluster_policy",
            "module.eks.aws_iam_role_policy_attachment.eks_compute_policy",
            "module.eks.aws_iam_role_policy_attachment.eks_load_balancing_policy",
            "module.eks.aws_iam_role_policy_attachment.eks_networking_policy",
            "module.node.aws_iam_role.nodes"
          ]
        }
      ]
    },
    {
      "module": "module.node",
      "mode": "managed",
      "type": "aws_iam_role_policy_attachment",
      "name": "nodes-AmazonEKS_CNI_Policy",
      "provider": "provider[\"registry.terraform.io/hashicorp/aws\"]",
      "instances": [
        {
          "schema_version": 0,
          "attributes": {
            "id": "eks-node-group-nodes-20250213040620538400000009",
            "policy_arn": "arn:aws:iam::aws:policy/AmazonEKS_CNI_Policy",
            "role": "eks-node-group-nodes"
          },
          "sensitive_attributes": [],
          "private": "bnVsbA==",
          "dependencies": [
            "module.eks.aws_eks_cluster.demo",
            "module.eks.aws_iam_role.demo",
            "module.eks.aws_iam_role_policy_attachment.eks_block_storage_policy",
            "module.eks.aws_iam_role_policy_attachment.eks_cluster_policy",
            "module.eks.aws_iam_role_policy_attachment.eks_compute_policy",
            "module.eks.aws_iam_role_policy_attachment.eks_load_balancing_policy",
            "module.eks.aws_iam_role_policy_attachment.eks_networking_policy",
            "module.node.aws_iam_role.nodes"
          ]
        }
      ]
    },
    {
      "module": "module.node",
      "mode": "managed",
      "type": "aws_iam_role_policy_attachment",
      "name": "nodes-AmazonSSMManagedInstanceCore",
      "provider": "provider[\"registry.terraform.io/hashicorp/aws\"]",
      "instances": [
        {
          "schema_version": 0,
          "attributes": {
            "id": "eks-node-group-nodes-20250213040620502000000008",
            "policy_arn": "arn:aws:iam::aws:policy/AmazonSSMManagedInstanceCore",
            "role": "eks-node-group-nodes"
          },
          "sensitive_attributes": [],
          "private": "bnVsbA==",
          "dependencies": [
            "module.eks.aws_eks_cluster.demo",
            "module.eks.aws_iam_role.demo",
            "module.eks.aws_iam_role_policy_attachment.eks_block_storage_policy",
            "module.eks.aws_iam_role_policy_attachment.eks_cluster_policy",
            "module.eks.aws_iam_role_policy_attachment.eks_compute_policy",
            "module.eks.aws_iam_role_policy_attachment.eks_load_balancing_policy",
            "module.eks.aws_iam_role_policy_attachment.eks_networking_policy",
            "module.node.aws_iam_role.nodes"
          ]
        }
      ]
    }
  ],
  "check_results": null
}
